
Microsoft Visual Studio Solution File, Format Version 12.00
# Visual Studio Version 17
VisualStudioVersion = 17.9.34622.214
MinimumVisualStudioVersion = 10.0.40219.1
Project("{FAE04EC0-301F-11D3-BF4B-00C04F79EFBC}") = "KafkaProducer", "KafkaProducer\KafkaProducer.csproj", "{4A5AE88A-3426-43CD-AA6D-E60CCD5A2BD8}"
EndProject
Project("{FAE04EC0-301F-11D3-BF4B-00C04F79EFBC}") = "KafkaConsumer", "KafkaConsumer\KafkaConsumer.csproj", "{C165FDFE-0C7E-4F00-9ACB-4FE1A815F0C0}"
EndProject
Global
	GlobalSection(SolutionConfigurationPlatforms) = preSolution
		Debug|Any CPU = Debug|Any CPU
		Release|Any CPU = Release|Any CPU
	EndGlobalSection
	GlobalSection(ProjectConfigurationPlatforms) = postSolution
		{4A5AE88A-3426-43CD-AA6D-E60CCD5A2BD8}.Debug|Any CPU.ActiveCfg = Debug|Any CPU
		{4A5AE88A-3426-43CD-AA6D-E60CCD5A2BD8}.Debug|Any CPU.Build.0 = Debug|Any CPU
		{4A5AE88A-3426-43CD-AA6D-E60CCD5A2BD8}.Release|Any CPU.ActiveCfg = Release|Any CPU
		{4A5AE88A-3426-43CD-AA6D-E60CCD5A2BD8}.Release|Any CPU.Build.0 = Release|Any CPU
		{C165FDFE-0C7E-4F00-9ACB-4FE1A815F0C0}.Debug|Any CPU.ActiveCfg = Debug|Any CPU
		{C165FDFE-0C7E-4F00-9ACB-4FE1A815F0C0}.Debug|Any CPU.Build.0 = Debug|Any CPU
		{C165FDFE-0C7E-4F00-9ACB-4FE1A815F0C0}.Release|Any CPU.ActiveCfg = Release|Any CPU
		{C165FDFE-0C7E-4F00-9ACB-4FE1A815F0C0}.Release|Any CPU.Build.0 = Release|Any CPU
	EndGlobalSection
	GlobalSection(SolutionProperties) = preSolution
		HideSolutionNode = FALSE
	EndGlobalSection
	GlobalSection(ExtensibilityGlobals) = postSolution
		SolutionGuid = {F4108960-BD89-4761-A87F-730FCAEB596F}
	EndGlobalSection
EndGlobal
